
Microsoft Visual Studio Solution File, Format Version 12.00
# Visual Studio Version 17
VisualStudioVersion = 17.4.33403.182
MinimumVisualStudioVersion = 10.0.40219.1
Project("{F184B08F-C81C-45F6-A57F-5ABD9991F28F}") = "LibraryMgtApp", "LibraryMgtApp\LibraryMgtApp.vbproj", "{6A6B630E-7CC6-4A6A-8E34-CA62AE95280D}"
EndProject
Global
	GlobalSection(SolutionConfigurationPlatforms) = preSolution
		Debug|Any CPU = Debug|Any CPU
		Release|Any CPU = Release|Any CPU
	EndGlobalSection
	GlobalSection(ProjectConfigurationPlatforms) = postSolution
		{6A6B630E-7CC6-4A6A-8E34-CA62AE95280D}.Debug|Any CPU.ActiveCfg = Debug|Any CPU
		{6A6B630E-7CC6-4A6A-8E34-CA62AE95280D}.Debug|Any CPU.Build.0 = Debug|Any CPU
		{6A6B630E-7CC6-4A6A-8E34-CA62AE95280D}.Release|Any CPU.ActiveCfg = Release|Any CPU
		{6A6B630E-7CC6-4A6A-8E34-CA62AE95280D}.Release|Any CPU.Build.0 = Release|Any CPU
	EndGlobalSection
	GlobalSection(SolutionProperties) = preSolution
		HideSolutionNode = FALSE
	EndGlobalSection
	GlobalSection(ExtensibilityGlobals) = postSolution
		SolutionGuid = {239A1605-2BAA-445E-B012-D04B6A4C0B2A}
	EndGlobalSection
EndGlobal
